
Microsoft Visual Studio Solution File, Format Version 12.00
# Visual Studio Version 17
VisualStudioVersion = 17.10.35013.160
MinimumVisualStudioVersion = 10.0.40219.1
Project("{FAE04EC0-301F-11D3-BF4B-00C04F79EFBC}") = "BlazorAwesomeApp1", "BlazorAwesomeApp1\BlazorAwesomeApp1.csproj", "{40C84626-B206-466C-A237-EA4109AB8341}"
EndProject
Global
	GlobalSection(SolutionConfigurationPlatforms) = preSolution
		Debug|Any CPU = Debug|Any CPU
		Release|Any CPU = Release|Any CPU
	EndGlobalSection
	GlobalSection(ProjectConfigurationPlatforms) = postSolution
		{40C84626-B206-466C-A237-EA4109AB8341}.Debug|Any CPU.ActiveCfg = Debug|Any CPU
		{40C84626-B206-466C-A237-EA4109AB8341}.Debug|Any CPU.Build.0 = Debug|Any CPU
		{40C84626-B206-466C-A237-EA4109AB8341}.Release|Any CPU.ActiveCfg = Release|Any CPU
		{40C84626-B206-466C-A237-EA4109AB8341}.Release|Any CPU.Build.0 = Release|Any CPU
	EndGlobalSection
	GlobalSection(SolutionProperties) = preSolution
		HideSolutionNode = FALSE
	EndGlobalSection
	GlobalSection(ExtensibilityGlobals) = postSolution
		SolutionGuid = {820E4EB4-CC8E-4B2D-89DF-5A3C0C8BAD08}
	EndGlobalSection
EndGlobal
